
Microsoft Visual Studio Solution File, Format Version 12.00
# Visual Studio Version 17
VisualStudioVersion = 17.2.32616.157
MinimumVisualStudioVersion = 10.0.40219.1
Project("{FAE04EC0-301F-11D3-BF4B-00C04F79EFBC}") = "UnitTestingDemo", "UnitTestingDemo\UnitTestingDemo.csproj", "{F52BC908-F037-4CAF-8CA5-4ECFA8EDBE5C}"
EndProject
Project("{FAE04EC0-301F-11D3-BF4B-00C04F79EFBC}") = "UnitTestProduct", "UnitTestProduct\UnitTestProduct.csproj", "{DE50E361-68D0-49E5-BAF6-FE2E7D2938D0}"
EndProject
Global
	GlobalSection(SolutionConfigurationPlatforms) = preSolution
		Debug|Any CPU = Debug|Any CPU
		Release|Any CPU = Release|Any CPU
	EndGlobalSection
	GlobalSection(ProjectConfigurationPlatforms) = postSolution
		{F52BC908-F037-4CAF-8CA5-4ECFA8EDBE5C}.Debug|Any CPU.ActiveCfg = Debug|Any CPU
		{F52BC908-F037-4CAF-8CA5-4ECFA8EDBE5C}.Debug|Any CPU.Build.0 = Debug|Any CPU
		{F52BC908-F037-4CAF-8CA5-4ECFA8EDBE5C}.Release|Any CPU.ActiveCfg = Release|Any CPU
		{F52BC908-F037-4CAF-8CA5-4ECFA8EDBE5C}.Release|Any CPU.Build.0 = Release|Any CPU
		{DE50E361-68D0-49E5-BAF6-FE2E7D2938D0}.Debug|Any CPU.ActiveCfg = Debug|Any CPU
		{DE50E361-68D0-49E5-BAF6-FE2E7D2938D0}.Debug|Any CPU.Build.0 = Debug|Any CPU
		{DE50E361-68D0-49E5-BAF6-FE2E7D2938D0}.Release|Any CPU.ActiveCfg = Release|Any CPU
		{DE50E361-68D0-49E5-BAF6-FE2E7D2938D0}.Release|Any CPU.Build.0 = Release|Any CPU
	EndGlobalSection
	GlobalSection(SolutionProperties) = preSolution
		HideSolutionNode = FALSE
	EndGlobalSection
	GlobalSection(ExtensibilityGlobals) = postSolution
		SolutionGuid = {60FFA152-99EA-4FAB-B84F-9640FBB420B1}
	EndGlobalSection
EndGlobal
